
Microsoft Visual Studio Solution File, Format Version 12.00
# Visual Studio 15
VisualStudioVersion = 15.0.27130.2003
MinimumVisualStudioVersion = 10.0.40219.1
Project("{9A19103F-16F7-4668-BE54-9A1E7A4F7556}") = "IntraWebApi", "IntraWebApi\IntraWebApi.csproj", "{799A3610-AD44-48B9-B3E5-9233273D5B72}"
EndProject
Project("{E53339B2-1760-4266-BCC7-CA923CBCF16C}") = "docker-compose", "docker-compose.dcproj", "{6987865C-8383-49BD-83BD-AB83AF5263AB}"
EndProject
Project("{9A19103F-16F7-4668-BE54-9A1E7A4F7556}") = "IntraWebApi.Data", "IntraWebApi.Data\IntraWebApi.Data.csproj", "{BD60927D-0529-425C-A7A7-F95653919332}"
EndProject
Project("{FAE04EC0-301F-11D3-BF4B-00C04F79EFBC}") = "IntraWebApi.Services", "..\IntraWebApi.Services\IntraWebApi.Services.csproj", "{56FE8A39-91DB-475B-B87C-B5383B000109}"
EndProject
Global
	GlobalSection(SolutionConfigurationPlatforms) = preSolution
		Debug|Any CPU = Debug|Any CPU
		Release|Any CPU = Release|Any CPU
	EndGlobalSection
	GlobalSection(ProjectConfigurationPlatforms) = postSolution
		{799A3610-AD44-48B9-B3E5-9233273D5B72}.Debug|Any CPU.ActiveCfg = Debug|Any CPU
		{799A3610-AD44-48B9-B3E5-9233273D5B72}.Debug|Any CPU.Build.0 = Debug|Any CPU
		{799A3610-AD44-48B9-B3E5-9233273D5B72}.Release|Any CPU.ActiveCfg = Release|Any CPU
		{799A3610-AD44-48B9-B3E5-9233273D5B72}.Release|Any CPU.Build.0 = Release|Any CPU
		{6987865C-8383-49BD-83BD-AB83AF5263AB}.Debug|Any CPU.ActiveCfg = Debug|Any CPU
		{6987865C-8383-49BD-83BD-AB83AF5263AB}.Debug|Any CPU.Build.0 = Debug|Any CPU
		{6987865C-8383-49BD-83BD-AB83AF5263AB}.Release|Any CPU.ActiveCfg = Release|Any CPU
		{6987865C-8383-49BD-83BD-AB83AF5263AB}.Release|Any CPU.Build.0 = Release|Any CPU
		{BD60927D-0529-425C-A7A7-F95653919332}.Debug|Any CPU.ActiveCfg = Debug|Any CPU
		{BD60927D-0529-425C-A7A7-F95653919332}.Debug|Any CPU.Build.0 = Debug|Any CPU
		{BD60927D-0529-425C-A7A7-F95653919332}.Release|Any CPU.ActiveCfg = Release|Any CPU
		{BD60927D-0529-425C-A7A7-F95653919332}.Release|Any CPU.Build.0 = Release|Any CPU
		{56FE8A39-91DB-475B-B87C-B5383B000109}.Debug|Any CPU.ActiveCfg = Debug|Any CPU
		{56FE8A39-91DB-475B-B87C-B5383B000109}.Debug|Any CPU.Build.0 = Debug|Any CPU
		{56FE8A39-91DB-475B-B87C-B5383B000109}.Release|Any CPU.ActiveCfg = Release|Any CPU
		{56FE8A39-91DB-475B-B87C-B5383B000109}.Release|Any CPU.Build.0 = Release|Any CPU
	EndGlobalSection
	GlobalSection(SolutionProperties) = preSolution
		HideSolutionNode = FALSE
	EndGlobalSection
	GlobalSection(ExtensibilityGlobals) = postSolution
		SolutionGuid = {42EEFD64-19AE-459B-9763-24280CD41675}
	EndGlobalSection
EndGlobal
